Microsoft Visual Studio Solution File, Format Version 12.00
# Visual Studio Version 17
VisualStudioVersion = 17.5.2.0
MinimumVisualStudioVersion = 10.0.40219.1
Project("{FAE04EC0-301F-11D3-BF4B-00C04F79EFBC}") = "DatabaseReader", "DatabaseReader.csproj", "{AE302077-EEA4-C95D-730F-FCBA07DD5FE3}"
EndProject
Project("{FAE04EC0-301F-11D3-BF4B-00C04F79EFBC}") = "VerifyDLL", "VerifyDLL\VerifyDLL.csproj", "{88116027-037E-7E6E-126F-30F32FB6198C}"
EndProject
Global
	GlobalSection(SolutionConfigurationPlatforms) = preSolution
		Debug|Any CPU = Debug|Any CPU
		Release|Any CPU = Release|Any CPU
	EndGlobalSection
	GlobalSection(ProjectConfigurationPlatforms) = postSolution
		{AE302077-EEA4-C95D-730F-FCBA07DD5FE3}.Debug|Any CPU.ActiveCfg = Debug|Any CPU
		{AE302077-EEA4-C95D-730F-FCBA07DD5FE3}.Debug|Any CPU.Build.0 = Debug|Any CPU
		{AE302077-EEA4-C95D-730F-FCBA07DD5FE3}.Release|Any CPU.ActiveCfg = Release|Any CPU
		{AE302077-EEA4-C95D-730F-FCBA07DD5FE3}.Release|Any CPU.Build.0 = Release|Any CPU
		{88116027-037E-7E6E-126F-30F32FB6198C}.Debug|Any CPU.ActiveCfg = Debug|Any CPU
		{88116027-037E-7E6E-126F-30F32FB6198C}.Debug|Any CPU.Build.0 = Debug|Any CPU
		{88116027-037E-7E6E-126F-30F32FB6198C}.Release|Any CPU.ActiveCfg = Release|Any CPU
		{88116027-037E-7E6E-126F-30F32FB6198C}.Release|Any CPU.Build.0 = Release|Any CPU
	EndGlobalSection
	GlobalSection(SolutionProperties) = preSolution
		HideSolutionNode = FALSE
	EndGlobalSection
	GlobalSection(ExtensibilityGlobals) = postSolution
		SolutionGuid = {5EEEC11C-D1D8-4C0D-AD4A-8AA3BA84D559}
	EndGlobalSection
EndGlobal
